// !$*UTF8*$!
{
	archiveVersion = 1;
	classes = {
	};
	objectVersion = 77;
	objects = {

/* Begin PBXBuildFile section */
		00F1D1DAB5C9DCB015D9449A /* VerifiedAssetDownloader.swift in Sources */ = {isa = PBXBuildFile; fileRef = 7BD34A2F274065839015D22E /* VerifiedAssetDownloader.swift */; };
		053FCDA7F00582AC6F070AD2 /* RecoveryEvidence.swift in Sources */ = {isa = PBXBuildFile; fileRef = 4F3DA135D9D3F91D1E093A65 /* RecoveryEvidence.swift */; };
		06020041E977D2A826879C9B /* ARGuideView.swift in Sources */ = {isa = PBXBuildFile; fileRef = 9FD263BC9A34E0AD6E6F4EB3 /* ARGuideView.swift */; };
		144AA5228925EB679B66A89A /* LDrawPartPackManager.swift in Sources */ = {isa = PBXBuildFile; fileRef = 53D9734797E7A28F77796154 /* LDrawPartPackManager.swift */; };
		1B6D88CB3647FEE92E9CD004 /* BrickyUITests.swift in Sources */ = {isa = PBXBuildFile; fileRef = DDAFC5DC122BC97CFF8F624A /* BrickyUITests.swift */; };
		1C89B284020DCD3BF8032315 /* RecoveryEvidenceSweepTests.swift in Sources */ = {isa = PBXBuildFile; fileRef = 012A32F283FD29E63763912A /* RecoveryEvidenceSweepTests.swift */; };
		24FC629139DC3A7503590BED /* ContentView.swift in Sources */ = {isa = PBXBuildFile; fileRef = B846C324539715D80A41F6F3 /* ContentView.swift */; };
		271578DD5E6BCC1F1A5E75F7 /* RecoveryCaptureTests.swift in Sources */ = {isa = PBXBuildFile; fileRef = 5E6BF6E5BE1A476D53811AAB /* RecoveryCaptureTests.swift */; };
		293C6D045FF8FD453DBD6ADB /* LDRAW_ATTRIBUTION.txt in Resources */ = {isa = PBXBuildFile; fileRef = 5B8BBE0A42939F7845F1BF7A /* LDRAW_ATTRIBUTION.txt */; };
		368275A63ED5444679BC91C7 /* ARAlignmentController.swift in Sources */ = {isa = PBXBuildFile; fileRef = E2C429B08D7510B788CF6F07 /* ARAlignmentController.swift */; };
		37149ED157A21C292750DA64 /* LDrawGeometryEngineTests.swift in Sources */ = {isa = PBXBuildFile; fileRef = 3B645888FECCA75368D770F6 /* LDrawGeometryEngineTests.swift */; };
		3D9FE5C5BA94A1C65FD67C46 /* RecoveryEvidenceRecorderTests.swift in Sources */ = {isa = PBXBuildFile; fileRef = F2176FBCE36D372EB0A3020C /* RecoveryEvidenceRecorderTests.swift */; };
		40CA5ECF1AB42C5A98E282CC /* RecoveryError.swift in Sources */ = {isa = PBXBuildFile; fileRef = A963BA826F108C2D675FAF21 /* RecoveryError.swift */; };
		493E1A7B4B78DDC07938C902 /* GuideView.swift in Sources */ = {isa = PBXBuildFile; fileRef = FDEFFDD5FBF9ECFB558763D8 /* GuideView.swift */; };
		4C6F6F15D3E55156CF376E62 /* Assets.xcassets in Resources */ = {isa = PBXBuildFile; fileRef = F2F2BE886FE2E5676C77AE15 /* Assets.xcassets */; };
		5034AE2C95122CCBADE9CDA8 /* AppEntry.swift in Sources */ = {isa = PBXBuildFile; fileRef = E0BA6FBDDD9842F5EA2E6670 /* AppEntry.swift */; };
		5107765EB76F417AE2907EC5 /* PrivacyInfo.xcprivacy in Resources */ = {isa = PBXBuildFile; fileRef = 8E020663BF984047A03349FD /* PrivacyInfo.xcprivacy */; };
		5E7E24748521D2697DFE375D /* InstructionPlanBuilder.swift in Sources */ = {isa = PBXBuildFile; fileRef = 5E92D26DA183F19074C695F0 /* InstructionPlanBuilder.swift */; };
		644B79E5AA29780269282E51 /* InstructionDomain.swift in Sources */ = {isa = PBXBuildFile; fileRef = A377413BF2084446EFA7A660 /* InstructionDomain.swift */; };
		66A30C1550A36BF9AAEB8A73 /* InstructionImporterTests.swift in Sources */ = {isa = PBXBuildFile; fileRef = C8DA8AD5BB06C73FEEDC7F57 /* InstructionImporterTests.swift */; };
		746777971652139DFDB10DD3 /* StorageAndAttributionView.swift in Sources */ = {isa = PBXBuildFile; fileRef = 4CA56BD07350B7600F870727 /* StorageAndAttributionView.swift */; };
		77C14865E8DB92B4A4DEC669 /* RecoveryEvidenceRecorder.swift in Sources */ = {isa = PBXBuildFile; fileRef = 4517B0DDDB8B6879220326CA /* RecoveryEvidenceRecorder.swift */; };
		7C65214ECBA98338964270E9 /* RecoveryMLX in Frameworks */ = {isa = PBXBuildFile; productRef = 9AFD1FD8C0E975A9F3202610 /* RecoveryMLX */; };
		7D14165F932B5A8D78F7264A /* ProcessFootprint.swift in Sources */ = {isa = PBXBuildFile; fileRef = 8A9FCCB04E06ABD0FCC789A3 /* ProcessFootprint.swift */; };
		7EEFF12AB71991AD5E3DF969 /* InstructionParserTests.swift in Sources */ = {isa = PBXBuildFile; fileRef = E4E7E99FBE84683A8DDDE9D4 /* InstructionParserTests.swift */; };
		8213770525FB912F7F418D55 /* UIImage+Orientation.swift in Sources */ = {isa = PBXBuildFile; fileRef = FA208C3104EBC0C53A2BF2C9 /* UIImage+Orientation.swift */; };
		87AD3B1CAB457CD894B05631 /* InstructionPlanTests.swift in Sources */ = {isa = PBXBuildFile; fileRef = D625F39686D2FB098AF88098 /* InstructionPlanTests.swift */; };
		8A3A4A8FD92C1A5390843FDE /* RecoveryBoardRenderer.swift in Sources */ = {isa = PBXBuildFile; fileRef = F8C8F4A48194A403A44D05E3 /* RecoveryBoardRenderer.swift */; };
		8BD7EBDF97F56EA8F4629B81 /* RealityKitInstructionAdapter.swift in Sources */ = {isa = PBXBuildFile; fileRef = 61ECD3285AB0AC1AF4DC57B6 /* RealityKitInstructionAdapter.swift */; };
		8D82E81D5D251E5324886B92 /* RecoveryCaptureService.swift in Sources */ = {isa = PBXBuildFile; fileRef = F0673FBD15EFDC9F1175DA62 /* RecoveryCaptureService.swift */; };
		9042BB8E470AE496D9790A38 /* RecoveryFlowView.swift in Sources */ = {isa = PBXBuildFile; fileRef = D78947AB1247484BE398B4D2 /* RecoveryFlowView.swift */; };
		928AE5089033880C101A5680 /* LibraryView.swift in Sources */ = {isa = PBXBuildFile; fileRef = 42FF9EE0A3BFBCADA241890F /* LibraryView.swift */; };
		930D797BEC44649EA3BEF778 /* AppConfig.swift in Sources */ = {isa = PBXBuildFile; fileRef = 0A7255416EAA67E75793A6A9 /* AppConfig.swift */; };
		9B3A04E983C16A3C6C1BB06C /* InstructionPersistence.swift in Sources */ = {isa = PBXBuildFile; fileRef = CC93BCDD23376398FE7249B4 /* InstructionPersistence.swift */; };
		9CE090D5FC58982B64C08250 /* RecoveryMLX in Frameworks */ = {isa = PBXBuildFile; productRef = 131FA9216C20002D90F8F63D /* RecoveryMLX */; };
		9D2417C263FD5594C35ADD49 /* SwiftParityTests.swift in Sources */ = {isa = PBXBuildFile; fileRef = 05743035E70D88A405DCEE91 /* SwiftParityTests.swift */; };
		A4EBB827338FCD646B4D3D78 /* ARCameraPreview.swift in Sources */ = {isa = PBXBuildFile; fileRef = 8E0FFD114870AE94A0E160D6 /* ARCameraPreview.swift */; };
		BA8888EA2A2A32ED9DEA6217 /* InstructionModelImporter.swift in Sources */ = {isa = PBXBuildFile; fileRef = E9AFDF42C21A5064DDC52427 /* InstructionModelImporter.swift */; };
		C9ED90E2B917AB752C9A6CB5 /* LDrawInstructionParser.swift in Sources */ = {isa = PBXBuildFile; fileRef = 6558CCE119E7CC26793BD65E /* LDrawInstructionParser.swift */; };
		CD49D3725C0BF1E2B0080A84 /* InstructionLibraryController.swift in Sources */ = {isa = PBXBuildFile; fileRef = 55B6A6D903236904BC8664B3 /* InstructionLibraryController.swift */; };
		D5C3A74A11CBE896DE4F3AF3 /* StepCheckView.swift in Sources */ = {isa = PBXBuildFile; fileRef = 2748072D5C42BC9CAF299882 /* StepCheckView.swift */; };
		D9B0DE51E66D603C431BA677 /* HierarchicalRecoveryEstimator.swift in Sources */ = {isa = PBXBuildFile; fileRef = 8A7FFE05427AE9CC58CF898D /* HierarchicalRecoveryEstimator.swift */; };
		DD8A9E5B37A82D9FB35356EA /* LDrawGeometryEngine.swift in Sources */ = {isa = PBXBuildFile; fileRef = D271EAE0C286D78BFCEA8B4B /* LDrawGeometryEngine.swift */; };
		E0FB47420C749683B165C2AD /* ZIPFoundation in Frameworks */ = {isa = PBXBuildFile; productRef = E78ECCD396A43FB4FD11323B /* ZIPFoundation */; };
		E574CF1DBA2D2CA988DFF067 /* RecoveryImageNormalization.swift in Sources */ = {isa = PBXBuildFile; fileRef = 31D628068E6819C6C79EB01A /* RecoveryImageNormalization.swift */; };
		F6FFC9536615EB832DB586AA /* RecoveryModelManager.swift in Sources */ = {isa = PBXBuildFile; fileRef = 6C09ECD30206EB778FAF23AE /* RecoveryModelManager.swift */; };
		FE3498AC20FF256FDE6C7B02 /* ARCameraManager.swift in Sources */ = {isa = PBXBuildFile; fileRef = E287AB5C073EAC0F4D98EE98 /* ARCameraManager.swift */; };
/* End PBXBuildFile section */

/* Begin PBXContainerItemProxy section */
		27BCD86587A8533DF99FD0F6 /* PBXContainerItemProxy */ = {
			isa = PBXContainerItemProxy;
			containerPortal = 985C3D0D7ADFD39AA22D5C72 /* Project object */;
			proxyType = 1;
			remoteGlobalIDString = 14AD4874F285C4AF1408B5B2;
			remoteInfo = Bricky;
		};
		EC504DD6FEF8A8259683E055 /* PBXContainerItemProxy */ = {
			isa = PBXContainerItemProxy;
			containerPortal = 985C3D0D7ADFD39AA22D5C72 /* Project object */;
			proxyType = 1;
			remoteGlobalIDString = 14AD4874F285C4AF1408B5B2;
			remoteInfo = Bricky;
		};
/* End PBXContainerItemProxy section */

/* Begin PBXFileReference section */
		012A32F283FD29E63763912A /* RecoveryEvidenceSweepTests.swift */ = {isa = PBXFileReference; lastKnownFileType = sourcecode.swift; path = RecoveryEvidenceSweepTests.swift; sourceTree = "<group>"; };
		05743035E70D88A405DCEE91 /* SwiftParityTests.swift */ = {isa = PBXFileReference; lastKnownFileType = sourcecode.swift; path = SwiftParityTests.swift; sourceTree = "<group>"; };
		0A7255416EAA67E75793A6A9 /* AppConfig.swift */ = {isa = PBXFileReference; lastKnownFileType = sourcecode.swift; path = AppConfig.swift; sourceTree = "<group>"; };
		2748072D5C42BC9CAF299882 /* StepCheckView.swift */ = {isa = PBXFileReference; lastKnownFileType = sourcecode.swift; path = StepCheckView.swift; sourceTree = "<group>"; };
		31D628068E6819C6C79EB01A /* RecoveryImageNormalization.swift */ = {isa = PBXFileReference; lastKnownFileType = sourcecode.swift; path = RecoveryImageNormalization.swift; sourceTree = "<group>"; };
		3B645888FECCA75368D770F6 /* LDrawGeometryEngineTests.swift */ = {isa = PBXFileReference; lastKnownFileType = sourcecode.swift; path = LDrawGeometryEngineTests.swift; sourceTree = "<group>"; };
		42FF9EE0A3BFBCADA241890F /* LibraryView.swift */ = {isa = PBXFileReference; lastKnownFileType = sourcecode.swift; path = LibraryView.swift; sourceTree = "<group>"; };
		4517B0DDDB8B6879220326CA /* RecoveryEvidenceRecorder.swift */ = {isa = PBXFileReference; lastKnownFileType = sourcecode.swift; path = RecoveryEvidenceRecorder.swift; sourceTree = "<group>"; };
		4CA56BD07350B7600F870727 /* StorageAndAttributionView.swift */ = {isa = PBXFileReference; lastKnownFileType = sourcecode.swift; path = StorageAndAttributionView.swift; sourceTree = "<group>"; };
		4F3DA135D9D3F91D1E093A65 /* RecoveryEvidence.swift */ = {isa = PBXFileReference; lastKnownFileType = sourcecode.swift; path = RecoveryEvidence.swift; sourceTree = "<group>"; };
		53D9734797E7A28F77796154 /* LDrawPartPackManager.swift */ = {isa = PBXFileReference; lastKnownFileType = sourcecode.swift; path = LDrawPartPackManager.swift; sourceTree = "<group>"; };
		55B6A6D903236904BC8664B3 /* InstructionLibraryController.swift */ = {isa = PBXFileReference; lastKnownFileType = sourcecode.swift; path = InstructionLibraryController.swift; sourceTree = "<group>"; };
		5B8BBE0A42939F7845F1BF7A /* LDRAW_ATTRIBUTION.txt */ = {isa = PBXFileReference; lastKnownFileType = text; path = LDRAW_ATTRIBUTION.txt; sourceTree = "<group>"; };
		5E6BF6E5BE1A476D53811AAB /* RecoveryCaptureTests.swift */ = {isa = PBXFileReference; lastKnownFileType = sourcecode.swift; path = RecoveryCaptureTests.swift; sourceTree = "<group>"; };
		5E92D26DA183F19074C695F0 /* InstructionPlanBuilder.swift */ = {isa = PBXFileReference; lastKnownFileType = sourcecode.swift; path = InstructionPlanBuilder.swift; sourceTree = "<group>"; };
		61ECD3285AB0AC1AF4DC57B6 /* RealityKitInstructionAdapter.swift */ = {isa = PBXFileReference; lastKnownFileType = sourcecode.swift; path = RealityKitInstructionAdapter.swift; sourceTree = "<group>"; };
		6558CCE119E7CC26793BD65E /* LDrawInstructionParser.swift */ = {isa = PBXFileReference; lastKnownFileType = sourcecode.swift; path = LDrawInstructionParser.swift; sourceTree = "<group>"; };
		6C09ECD30206EB778FAF23AE /* RecoveryModelManager.swift */ = {isa = PBXFileReference; lastKnownFileType = sourcecode.swift; path = RecoveryModelManager.swift; sourceTree = "<group>"; };
		6D8D0B94EF81C7E575CE7801 /* Bricky.app */ = {isa = PBXFileReference; includeInIndex = 0; lastKnownFileType = wrapper.application; path = Bricky.app; sourceTree = BUILT_PRODUCTS_DIR; };
		7BD34A2F274065839015D22E /* VerifiedAssetDownloader.swift */ = {isa = PBXFileReference; lastKnownFileType = sourcecode.swift; path = VerifiedAssetDownloader.swift; sourceTree = "<group>"; };
		8A7FFE05427AE9CC58CF898D /* HierarchicalRecoveryEstimator.swift */ = {isa = PBXFileReference; lastKnownFileType = sourcecode.swift; path = HierarchicalRecoveryEstimator.swift; sourceTree = "<group>"; };
		8A9FCCB04E06ABD0FCC789A3 /* ProcessFootprint.swift */ = {isa = PBXFileReference; lastKnownFileType = sourcecode.swift; path = ProcessFootprint.swift; sourceTree = "<group>"; };
		8E020663BF984047A03349FD /* PrivacyInfo.xcprivacy */ = {isa = PBXFileReference; path = PrivacyInfo.xcprivacy; sourceTree = "<group>"; };
		8E0FFD114870AE94A0E160D6 /* ARCameraPreview.swift */ = {isa = PBXFileReference; lastKnownFileType = sourcecode.swift; path = ARCameraPreview.swift; sourceTree = "<group>"; };
		9FD263BC9A34E0AD6E6F4EB3 /* ARGuideView.swift */ = {isa = PBXFileReference; lastKnownFileType = sourcecode.swift; path = ARGuideView.swift; sourceTree = "<group>"; };
		A377413BF2084446EFA7A660 /* InstructionDomain.swift */ = {isa = PBXFileReference; lastKnownFileType = sourcecode.swift; path = InstructionDomain.swift; sourceTree = "<group>"; };
		A963BA826F108C2D675FAF21 /* RecoveryError.swift */ = {isa = PBXFileReference; lastKnownFileType = sourcecode.swift; path = RecoveryError.swift; sourceTree = "<group>"; };
		B846C324539715D80A41F6F3 /* ContentView.swift */ = {isa = PBXFileReference; lastKnownFileType = sourcecode.swift; path = ContentView.swift; sourceTree = "<group>"; };
		B9875749055872E5C5260701 /* BrickyTests.xctest */ = {isa = PBXFileReference; includeInIndex = 0; lastKnownFileType = wrapper.cfbundle; path = BrickyTests.xctest; sourceTree = BUILT_PRODUCTS_DIR; };
		C8DA8AD5BB06C73FEEDC7F57 /* InstructionImporterTests.swift */ = {isa = PBXFileReference; lastKnownFileType = sourcecode.swift; path = InstructionImporterTests.swift; sourceTree = "<group>"; };
		CC93BCDD23376398FE7249B4 /* InstructionPersistence.swift */ = {isa = PBXFileReference; lastKnownFileType = sourcecode.swift; path = InstructionPersistence.swift; sourceTree = "<group>"; };
		D271EAE0C286D78BFCEA8B4B /* LDrawGeometryEngine.swift */ = {isa = PBXFileReference; lastKnownFileType = sourcecode.swift; path = LDrawGeometryEngine.swift; sourceTree = "<group>"; };
		D625F39686D2FB098AF88098 /* InstructionPlanTests.swift */ = {isa = PBXFileReference; lastKnownFileType = sourcecode.swift; path = InstructionPlanTests.swift; sourceTree = "<group>"; };
		D78947AB1247484BE398B4D2 /* RecoveryFlowView.swift */ = {isa = PBXFileReference; lastKnownFileType = sourcecode.swift; path = RecoveryFlowView.swift; sourceTree = "<group>"; };
		D83074A82AF29FB1766EE785 /* RecoveryMLX */ = {isa = PBXFileReference; lastKnownFileType = folder; name = RecoveryMLX; path = Packages/RecoveryMLX; sourceTree = SOURCE_ROOT; };
		DDAFC5DC122BC97CFF8F624A /* BrickyUITests.swift */ = {isa = PBXFileReference; lastKnownFileType = sourcecode.swift; path = BrickyUITests.swift; sourceTree = "<group>"; };
		E0BA6FBDDD9842F5EA2E6670 /* AppEntry.swift */ = {isa = PBXFileReference; lastKnownFileType = sourcecode.swift; path = AppEntry.swift; sourceTree = "<group>"; };
		E1E96BA397E53122AA8009B9 /* BrickyUITests.xctest */ = {isa = PBXFileReference; includeInIndex = 0; lastKnownFileType = wrapper.cfbundle; path = BrickyUITests.xctest; sourceTree = BUILT_PRODUCTS_DIR; };
		E287AB5C073EAC0F4D98EE98 /* ARCameraManager.swift */ = {isa = PBXFileReference; lastKnownFileType = sourcecode.swift; path = ARCameraManager.swift; sourceTree = "<group>"; };
		E2C429B08D7510B788CF6F07 /* ARAlignmentController.swift */ = {isa = PBXFileReference; lastKnownFileType = sourcecode.swift; path = ARAlignmentController.swift; sourceTree = "<group>"; };
		E4E7E99FBE84683A8DDDE9D4 /* InstructionParserTests.swift */ = {isa = PBXFileReference; lastKnownFileType = sourcecode.swift; path = InstructionParserTests.swift; sourceTree = "<group>"; };
		E9AFDF42C21A5064DDC52427 /* InstructionModelImporter.swift */ = {isa = PBXFileReference; lastKnownFileType = sourcecode.swift; path = InstructionModelImporter.swift; sourceTree = "<group>"; };
		F0673FBD15EFDC9F1175DA62 /* RecoveryCaptureService.swift */ = {isa = PBXFileReference; lastKnownFileType = sourcecode.swift; path = RecoveryCaptureService.swift; sourceTree = "<group>"; };
		F2176FBCE36D372EB0A3020C /* RecoveryEvidenceRecorderTests.swift */ = {isa = PBXFileReference; lastKnownFileType = sourcecode.swift; path = RecoveryEvidenceRecorderTests.swift; sourceTree = "<group>"; };
		F2F2BE886FE2E5676C77AE15 /* Assets.xcassets */ = {isa = PBXFileReference; lastKnownFileType = folder.assetcatalog; path = Assets.xcassets; sourceTree = "<group>"; };
		F8C8F4A48194A403A44D05E3 /* RecoveryBoardRenderer.swift */ = {isa = PBXFileReference; lastKnownFileType = sourcecode.swift; path = RecoveryBoardRenderer.swift; sourceTree = "<group>"; };
		FA208C3104EBC0C53A2BF2C9 /* UIImage+Orientation.swift */ = {isa = PBXFileReference; lastKnownFileType = sourcecode.swift; path = "UIImage+Orientation.swift"; sourceTree = "<group>"; };
		FDEFFDD5FBF9ECFB558763D8 /* GuideView.swift */ = {isa = PBXFileReference; lastKnownFileType = sourcecode.swift; path = GuideView.swift; sourceTree = "<group>"; };
/* End PBXFileReference section */

/* Begin PBXFrameworksBuildPhase section */
		0C9D6799018B8C660EE9707C /* Frameworks */ = {
			isa = PBXFrameworksBuildPhase;
			buildActionMask = 2147483647;
			files = (
				9CE090D5FC58982B64C08250 /* RecoveryMLX in Frameworks */,
			);
			runOnlyForDeploymentPostprocessing = 0;
		};
		5A8D72082641AC09891C4951 /* Frameworks */ = {
			isa = PBXFrameworksBuildPhase;
			buildActionMask = 2147483647;
			files = (
				7C65214ECBA98338964270E9 /* RecoveryMLX in Frameworks */,
				E0FB47420C749683B165C2AD /* ZIPFoundation in Frameworks */,
			);
			runOnlyForDeploymentPostprocessing = 0;
		};
/* End PBXFrameworksBuildPhase section */

/* Begin PBXGroup section */
		1BCEC204D6F44D36BDEED6C8 /* BrickyTests */ = {
			isa = PBXGroup;
			children = (
				C8DA8AD5BB06C73FEEDC7F57 /* InstructionImporterTests.swift */,
				E4E7E99FBE84683A8DDDE9D4 /* InstructionParserTests.swift */,
				D625F39686D2FB098AF88098 /* InstructionPlanTests.swift */,
				3B645888FECCA75368D770F6 /* LDrawGeometryEngineTests.swift */,
				5E6BF6E5BE1A476D53811AAB /* RecoveryCaptureTests.swift */,
				F2176FBCE36D372EB0A3020C /* RecoveryEvidenceRecorderTests.swift */,
				012A32F283FD29E63763912A /* RecoveryEvidenceSweepTests.swift */,
				05743035E70D88A405DCEE91 /* SwiftParityTests.swift */,
			);
			path = BrickyTests;
			sourceTree = "<group>";
		};
		1EC5D168CA443C9EA9370841 /* Products */ = {
			isa = PBXGroup;
			children = (
				6D8D0B94EF81C7E575CE7801 /* Bricky.app */,
				B9875749055872E5C5260701 /* BrickyTests.xctest */,
				E1E96BA397E53122AA8009B9 /* BrickyUITests.xctest */,
			);
			name = Products;
			sourceTree = "<group>";
		};
		26787D44DD3F39F7B58C162B /* Resources */ = {
			isa = PBXGroup;
			children = (
				F2F2BE886FE2E5676C77AE15 /* Assets.xcassets */,
				5B8BBE0A42939F7845F1BF7A /* LDRAW_ATTRIBUTION.txt */,
				8E020663BF984047A03349FD /* PrivacyInfo.xcprivacy */,
			);
			name = Resources;
			path = Bricky/Resources;
			sourceTree = "<group>";
		};
		45AEEEFC948EA5814BC88CC1 /* App */ = {
			isa = PBXGroup;
			children = (
				0A7255416EAA67E75793A6A9 /* AppConfig.swift */,
				E0BA6FBDDD9842F5EA2E6670 /* AppEntry.swift */,
				B846C324539715D80A41F6F3 /* ContentView.swift */,
			);
			name = App;
			path = Bricky/App;
			sourceTree = "<group>";
		};
		52D0B5D52863858618E569B7 /* Views */ = {
			isa = PBXGroup;
			children = (
				9FD263BC9A34E0AD6E6F4EB3 /* ARGuideView.swift */,
				FDEFFDD5FBF9ECFB558763D8 /* GuideView.swift */,
				42FF9EE0A3BFBCADA241890F /* LibraryView.swift */,
				4CA56BD07350B7600F870727 /* StorageAndAttributionView.swift */,
			);
			name = Views;
			path = Bricky/Views;
			sourceTree = "<group>";
		};
		55075B7773B97D88A16CED4E /* BrickyUITests */ = {
			isa = PBXGroup;
			children = (
				DDAFC5DC122BC97CFF8F624A /* BrickyUITests.swift */,
			);
			path = BrickyUITests;
			sourceTree = "<group>";
		};
		56381D632582826E6AC6AF92 /* Domain */ = {
			isa = PBXGroup;
			children = (
				A377413BF2084446EFA7A660 /* InstructionDomain.swift */,
				CC93BCDD23376398FE7249B4 /* InstructionPersistence.swift */,
				4F3DA135D9D3F91D1E093A65 /* RecoveryEvidence.swift */,
			);
			name = Domain;
			path = Bricky/Domain;
			sourceTree = "<group>";
		};
		6A9D6A161EDC5A8F0676293F /* Instructions */ = {
			isa = PBXGroup;
			children = (
				55B6A6D903236904BC8664B3 /* InstructionLibraryController.swift */,
				E9AFDF42C21A5064DDC52427 /* InstructionModelImporter.swift */,
				5E92D26DA183F19074C695F0 /* InstructionPlanBuilder.swift */,
				D271EAE0C286D78BFCEA8B4B /* LDrawGeometryEngine.swift */,
				6558CCE119E7CC26793BD65E /* LDrawInstructionParser.swift */,
				53D9734797E7A28F77796154 /* LDrawPartPackManager.swift */,
				61ECD3285AB0AC1AF4DC57B6 /* RealityKitInstructionAdapter.swift */,
				7BD34A2F274065839015D22E /* VerifiedAssetDownloader.swift */,
			);
			name = Instructions;
			path = Bricky/Services/Instructions;
			sourceTree = "<group>";
		};
		6CD926353DB9E5DCEB2EFFAD /* Recovery */ = {
			isa = PBXGroup;
			children = (
				D78947AB1247484BE398B4D2 /* RecoveryFlowView.swift */,
				2748072D5C42BC9CAF299882 /* StepCheckView.swift */,
			);
			name = Recovery;
			path = Bricky/Views/Recovery;
			sourceTree = "<group>";
		};
		86EDC8D1E0C4950411D3C9B4 = {
			isa = PBXGroup;
			children = (
				45AEEEFC948EA5814BC88CC1 /* App */,
				1BCEC204D6F44D36BDEED6C8 /* BrickyTests */,
				55075B7773B97D88A16CED4E /* BrickyUITests */,
				F2919F9CDE047E56E634BF23 /* Camera */,
				56381D632582826E6AC6AF92 /* Domain */,
				FFF44E7C5A03F3F0F10BE4FE /* Extensions */,
				6A9D6A161EDC5A8F0676293F /* Instructions */,
				A77F8AC2716BBD642EAE86BF /* Packages */,
				D05A08833F588BE4C04EDA26 /* Recovery */,
				6CD926353DB9E5DCEB2EFFAD /* Recovery */,
				26787D44DD3F39F7B58C162B /* Resources */,
				52D0B5D52863858618E569B7 /* Views */,
				1EC5D168CA443C9EA9370841 /* Products */,
			);
			sourceTree = "<group>";
		};
		A77F8AC2716BBD642EAE86BF /* Packages */ = {
			isa = PBXGroup;
			children = (
				D83074A82AF29FB1766EE785 /* RecoveryMLX */,
			);
			path = Packages;
			sourceTree = "<group>";
		};
		D05A08833F588BE4C04EDA26 /* Recovery */ = {
			isa = PBXGroup;
			children = (
				E2C429B08D7510B788CF6F07 /* ARAlignmentController.swift */,
				8A7FFE05427AE9CC58CF898D /* HierarchicalRecoveryEstimator.swift */,
				8A9FCCB04E06ABD0FCC789A3 /* ProcessFootprint.swift */,
				F8C8F4A48194A403A44D05E3 /* RecoveryBoardRenderer.swift */,
				F0673FBD15EFDC9F1175DA62 /* RecoveryCaptureService.swift */,
				A963BA826F108C2D675FAF21 /* RecoveryError.swift */,
				4517B0DDDB8B6879220326CA /* RecoveryEvidenceRecorder.swift */,
				31D628068E6819C6C79EB01A /* RecoveryImageNormalization.swift */,
				6C09ECD30206EB778FAF23AE /* RecoveryModelManager.swift */,
			);
			name = Recovery;
			path = Bricky/Services/Recovery;
			sourceTree = "<group>";
		};
		F2919F9CDE047E56E634BF23 /* Camera */ = {
			isa = PBXGroup;
			children = (
				E287AB5C073EAC0F4D98EE98 /* ARCameraManager.swift */,
				8E0FFD114870AE94A0E160D6 /* ARCameraPreview.swift */,
			);
			name = Camera;
			path = Bricky/Camera;
			sourceTree = "<group>";
		};
		FFF44E7C5A03F3F0F10BE4FE /* Extensions */ = {
			isa = PBXGroup;
			children = (
				FA208C3104EBC0C53A2BF2C9 /* UIImage+Orientation.swift */,
			);
			name = Extensions;
			path = Bricky/Extensions;
			sourceTree = "<group>";
		};
/* End PBXGroup section */

/* Begin PBXNativeTarget section */
		14AD4874F285C4AF1408B5B2 /* Bricky */ = {
			isa = PBXNativeTarget;
			buildConfigurationList = D72EC47E705084094F19238B /* Build configuration list for PBXNativeTarget "Bricky" */;
			buildPhases = (
				BFC842DCD31CE2B32547A946 /* Sources */,
				6D4C6F52DA9D63AE13357631 /* Resources */,
				5A8D72082641AC09891C4951 /* Frameworks */,
			);
			buildRules = (
			);
			dependencies = (
			);
			name = Bricky;
			packageProductDependencies = (
				9AFD1FD8C0E975A9F3202610 /* RecoveryMLX */,
				E78ECCD396A43FB4FD11323B /* ZIPFoundation */,
			);
			productName = Bricky;
			productReference = 6D8D0B94EF81C7E575CE7801 /* Bricky.app */;
			productType = "com.apple.product-type.application";
		};
		44CC9FC7E6F9DB98F7110689 /* BrickyUITests */ = {
			isa = PBXNativeTarget;
			buildConfigurationList = 46B488A483B86698A4C6C588 /* Build configuration list for PBXNativeTarget "BrickyUITests" */;
			buildPhases = (
				E33F1C89441FBBA86B288ACE /* Sources */,
			);
			buildRules = (
			);
			dependencies = (
				4AF48AB514D5972780DAFB15 /* PBXTargetDependency */,
			);
			name = BrickyUITests;
			packageProductDependencies = (
			);
			productName = BrickyUITests;
			productReference = E1E96BA397E53122AA8009B9 /* BrickyUITests.xctest */;
			productType = "com.apple.product-type.bundle.ui-testing";
		};
		D8AEB97C2A0D54D018047AD4 /* BrickyTests */ = {
			isa = PBXNativeTarget;
			buildConfigurationList = A6BCF650DEF5DB67553368AF /* Build configuration list for PBXNativeTarget "BrickyTests" */;
			buildPhases = (
				A6240D05D4C3539A4F9E7062 /* Sources */,
				0C9D6799018B8C660EE9707C /* Frameworks */,
			);
			buildRules = (
			);
			dependencies = (
				58053FCD4AAD32F91A42892B /* PBXTargetDependency */,
			);
			name = BrickyTests;
			packageProductDependencies = (
				131FA9216C20002D90F8F63D /* RecoveryMLX */,
			);
			productName = BrickyTests;
			productReference = B9875749055872E5C5260701 /* BrickyTests.xctest */;
			productType = "com.apple.product-type.bundle.unit-test";
		};
/* End PBXNativeTarget section */

/* Begin PBXProject section */
		985C3D0D7ADFD39AA22D5C72 /* Project object */ = {
			isa = PBXProject;
			attributes = {
				BuildIndependentTargetsInParallel = YES;
				LastUpgradeCheck = 2700;
				TargetAttributes = {
					14AD4874F285C4AF1408B5B2 = {
						DevelopmentTeam = 6UN3X7Q6SP;
					};
					44CC9FC7E6F9DB98F7110689 = {
						DevelopmentTeam = 6UN3X7Q6SP;
						TestTargetID = 14AD4874F285C4AF1408B5B2;
					};
					D8AEB97C2A0D54D018047AD4 = {
						DevelopmentTeam = 6UN3X7Q6SP;
					};
				};
			};
			buildConfigurationList = 270BFFEBF839DD1EB2A27E4C /* Build configuration list for PBXProject "Bricky the Brick Scanner" */;
			developmentRegion = en;
			hasScannedForEncodings = 0;
			knownRegions = (
				Base,
				en,
			);
			mainGroup = 86EDC8D1E0C4950411D3C9B4;
			minimizedProjectReferenceProxies = 1;
			packageReferences = (
				3C92D65161CA6D2BEEBABF2D /* XCRemoteSwiftPackageReference "ZIPFoundation" */,
				FF481A9401551F5904C37EF7 /* XCLocalSwiftPackageReference "Packages/RecoveryMLX" */,
			);
			preferredProjectObjectVersion = 77;
			productRefGroup = 1EC5D168CA443C9EA9370841 /* Products */;
			projectDirPath = "";
			projectRoot = "";
			targets = (
				14AD4874F285C4AF1408B5B2 /* Bricky */,
				D8AEB97C2A0D54D018047AD4 /* BrickyTests */,
				44CC9FC7E6F9DB98F7110689 /* BrickyUITests */,
			);
		};
/* End PBXProject section */

/* Begin PBXResourcesBuildPhase section */
		6D4C6F52DA9D63AE13357631 /* Resources */ = {
			isa = PBXResourcesBuildPhase;
			buildActionMask = 2147483647;
			files = (
				4C6F6F15D3E55156CF376E62 /* Assets.xcassets in Resources */,
				293C6D045FF8FD453DBD6ADB /* LDRAW_ATTRIBUTION.txt in Resources */,
				5107765EB76F417AE2907EC5 /* PrivacyInfo.xcprivacy in Resources */,
			);
			runOnlyForDeploymentPostprocessing = 0;
		};
/* End PBXResourcesBuildPhase section */

/* Begin PBXSourcesBuildPhase section */
		A6240D05D4C3539A4F9E7062 /* Sources */ = {
			isa = PBXSourcesBuildPhase;
			buildActionMask = 2147483647;
			files = (
				66A30C1550A36BF9AAEB8A73 /* InstructionImporterTests.swift in Sources */,
				7EEFF12AB71991AD5E3DF969 /* InstructionParserTests.swift in Sources */,
				87AD3B1CAB457CD894B05631 /* InstructionPlanTests.swift in Sources */,
				37149ED157A21C292750DA64 /* LDrawGeometryEngineTests.swift in Sources */,
				271578DD5E6BCC1F1A5E75F7 /* RecoveryCaptureTests.swift in Sources */,
				3D9FE5C5BA94A1C65FD67C46 /* RecoveryEvidenceRecorderTests.swift in Sources */,
				1C89B284020DCD3BF8032315 /* RecoveryEvidenceSweepTests.swift in Sources */,
				9D2417C263FD5594C35ADD49 /* SwiftParityTests.swift in Sources */,
			);
			runOnlyForDeploymentPostprocessing = 0;
		};
		BFC842DCD31CE2B32547A946 /* Sources */ = {
			isa = PBXSourcesBuildPhase;
			buildActionMask = 2147483647;
			files = (
				368275A63ED5444679BC91C7 /* ARAlignmentController.swift in Sources */,
				FE3498AC20FF256FDE6C7B02 /* ARCameraManager.swift in Sources */,
				A4EBB827338FCD646B4D3D78 /* ARCameraPreview.swift in Sources */,
				06020041E977D2A826879C9B /* ARGuideView.swift in Sources */,
				930D797BEC44649EA3BEF778 /* AppConfig.swift in Sources */,
				5034AE2C95122CCBADE9CDA8 /* AppEntry.swift in Sources */,
				24FC629139DC3A7503590BED /* ContentView.swift in Sources */,
				493E1A7B4B78DDC07938C902 /* GuideView.swift in Sources */,
				D9B0DE51E66D603C431BA677 /* HierarchicalRecoveryEstimator.swift in Sources */,
				644B79E5AA29780269282E51 /* InstructionDomain.swift in Sources */,
				CD49D3725C0BF1E2B0080A84 /* InstructionLibraryController.swift in Sources */,
				BA8888EA2A2A32ED9DEA6217 /* InstructionModelImporter.swift in Sources */,
				9B3A04E983C16A3C6C1BB06C /* InstructionPersistence.swift in Sources */,
				5E7E24748521D2697DFE375D /* InstructionPlanBuilder.swift in Sources */,
				DD8A9E5B37A82D9FB35356EA /* LDrawGeometryEngine.swift in Sources */,
				C9ED90E2B917AB752C9A6CB5 /* LDrawInstructionParser.swift in Sources */,
				144AA5228925EB679B66A89A /* LDrawPartPackManager.swift in Sources */,
				928AE5089033880C101A5680 /* LibraryView.swift in Sources */,
				7D14165F932B5A8D78F7264A /* ProcessFootprint.swift in Sources */,
				8BD7EBDF97F56EA8F4629B81 /* RealityKitInstructionAdapter.swift in Sources */,
				8A3A4A8FD92C1A5390843FDE /* RecoveryBoardRenderer.swift in Sources */,
				8D82E81D5D251E5324886B92 /* RecoveryCaptureService.swift in Sources */,
				40CA5ECF1AB42C5A98E282CC /* RecoveryError.swift in Sources */,
				053FCDA7F00582AC6F070AD2 /* RecoveryEvidence.swift in Sources */,
				77C14865E8DB92B4A4DEC669 /* RecoveryEvidenceRecorder.swift in Sources */,
				9042BB8E470AE496D9790A38 /* RecoveryFlowView.swift in Sources */,
				E574CF1DBA2D2CA988DFF067 /* RecoveryImageNormalization.swift in Sources */,
				F6FFC9536615EB832DB586AA /* RecoveryModelManager.swift in Sources */,
				D5C3A74A11CBE896DE4F3AF3 /* StepCheckView.swift in Sources */,
				746777971652139DFDB10DD3 /* StorageAndAttributionView.swift in Sources */,
				8213770525FB912F7F418D55 /* UIImage+Orientation.swift in Sources */,
				00F1D1DAB5C9DCB015D9449A /* VerifiedAssetDownloader.swift in Sources */,
			);
			runOnlyForDeploymentPostprocessing = 0;
		};
		E33F1C89441FBBA86B288ACE /* Sources */ = {
			isa = PBXSourcesBuildPhase;
			buildActionMask = 2147483647;
			files = (
				1B6D88CB3647FEE92E9CD004 /* BrickyUITests.swift in Sources */,
			);
			runOnlyForDeploymentPostprocessing = 0;
		};
/* End PBXSourcesBuildPhase section */

/* Begin PBXTargetDependency section */
		4AF48AB514D5972780DAFB15 /* PBXTargetDependency */ = {
			isa = PBXTargetDependency;
			target = 14AD4874F285C4AF1408B5B2 /* Bricky */;
			targetProxy = EC504DD6FEF8A8259683E055 /* PBXContainerItemProxy */;
		};
		58053FCD4AAD32F91A42892B /* PBXTargetDependency */ = {
			isa = PBXTargetDependency;
			target = 14AD4874F285C4AF1408B5B2 /* Bricky */;
			targetProxy = 27BCD86587A8533DF99FD0F6 /* PBXContainerItemProxy */;
		};
/* End PBXTargetDependency section */

/* Begin XCBuildConfiguration section */
		073FF2F4B731BABA6300EF42 /* Debug */ = {
			isa = XCBuildConfiguration;
			buildSettings = {
				ASSETCATALOG_COMPILER_APPICON_NAME = AppIcon;
				ASSETCATALOG_COMPILER_GLOBAL_ACCENT_COLOR_NAME = AccentColor;
				CODE_SIGN_ENTITLEMENTS = Bricky/Resources/App.entitlements;
				CODE_SIGN_IDENTITY = "iPhone Developer";
				GENERATE_INFOPLIST_FILE = NO;
				INFOPLIST_FILE = Bricky/Resources/Info.plist;
				LD_RUNPATH_SEARCH_PATHS = (
					"$(inherited)",
					"@executable_path/Frameworks",
				);
				PRODUCT_BUNDLE_IDENTIFIER = com.bricky.app;
				PRODUCT_NAME = Bricky;
				SDKROOT = iphoneos;
				SUPPORTS_MACCATALYST = NO;
				TARGETED_DEVICE_FAMILY = "1,2";
			};
			name = Debug;
		};
		28178B2DAB46DE4716BE8D44 /* Debug */ = {
			isa = XCBuildConfiguration;
			buildSettings = {
				BUNDLE_LOADER = "$(TEST_HOST)";
				LD_RUNPATH_SEARCH_PATHS = (
					"$(inherited)",
					"@executable_path/Frameworks",
					"@loader_path/Frameworks",
				);
				PRODUCT_BUNDLE_IDENTIFIER = com.bricky.uitests;
				SDKROOT = iphoneos;
				TARGETED_DEVICE_FAMILY = "1,2";
				TEST_TARGET_NAME = Bricky;
			};
			name = Debug;
		};
		3E2A8D313F2B65D90DE43158 /* Release */ = {
			isa = XCBuildConfiguration;
			buildSettings = {
				ASSETCATALOG_COMPILER_APPICON_NAME = AppIcon;
				ASSETCATALOG_COMPILER_GLOBAL_ACCENT_COLOR_NAME = AccentColor;
				CODE_SIGN_ENTITLEMENTS = Bricky/Resources/App.entitlements;
				CODE_SIGN_IDENTITY = "iPhone Developer";
				GENERATE_INFOPLIST_FILE = NO;
				INFOPLIST_FILE = Bricky/Resources/Info.plist;
				LD_RUNPATH_SEARCH_PATHS = (
					"$(inherited)",
					"@executable_path/Frameworks",
				);
				PRODUCT_BUNDLE_IDENTIFIER = com.bricky.app;
				PRODUCT_NAME = Bricky;
				SDKROOT = iphoneos;
				SUPPORTS_MACCATALYST = NO;
				TARGETED_DEVICE_FAMILY = "1,2";
			};
			name = Release;
		};
		480C818E16CF5D72A1F5DE15 /* Release */ = {
			isa = XCBuildConfiguration;
			buildSettings = {
				ALWAYS_SEARCH_USER_PATHS = NO;
				CLANG_ANALYZER_NONNULL = YES;
				CLANG_ANALYZER_NUMBER_OBJECT_CONVERSION = YES_AGGRESSIVE;
				CLANG_CXX_LANGUAGE_STANDARD = "gnu++14";
				CLANG_CXX_LIBRARY = "libc++";
				CLANG_ENABLE_MODULES = YES;
				CLANG_ENABLE_OBJC_ARC = YES;
				CLANG_ENABLE_OBJC_WEAK = YES;
				CLANG_WARN_BLOCK_CAPTURE_AUTORELEASING = YES;
				CLANG_WARN_BOOL_CONVERSION = YES;
				CLANG_WARN_COMMA = YES;
				CLANG_WARN_CONSTANT_CONVERSION = YES;
				CLANG_WARN_DEPRECATED_OBJC_IMPLEMENTATIONS = YES;
				CLANG_WARN_DIRECT_OBJC_ISA_USAGE = YES_ERROR;
				CLANG_WARN_DOCUMENTATION_COMMENTS = YES;
				CLANG_WARN_EMPTY_BODY = YES;
				CLANG_WARN_ENUM_CONVERSION = YES;
				CLANG_WARN_INFINITE_RECURSION = YES;
				CLANG_WARN_INT_CONVERSION = YES;
				CLANG_WARN_NON_LITERAL_NULL_CONVERSION = YES;
				CLANG_WARN_OBJC_IMPLICIT_RETAIN_SELF = YES;
				CLANG_WARN_OBJC_LITERAL_CONVERSION = YES;
				CLANG_WARN_OBJC_ROOT_CLASS = YES_ERROR;
				CLANG_WARN_QUOTED_INCLUDE_IN_FRAMEWORK_HEADER = YES;
				CLANG_WARN_RANGE_LOOP_ANALYSIS = YES;
				CLANG_WARN_STRICT_PROTOTYPES = YES;
				CLANG_WARN_SUSPICIOUS_MOVE = YES;
				CLANG_WARN_UNGUARDED_AVAILABILITY = YES_AGGRESSIVE;
				CLANG_WARN_UNREACHABLE_CODE = YES;
				CLANG_WARN__DUPLICATE_METHOD_MATCH = YES;
				COPY_PHASE_STRIP = NO;
				CURRENT_PROJECT_VERSION = 6;
				DEBUG_INFORMATION_FORMAT = "dwarf-with-dsym";
				DEVELOPMENT_TEAM = 6UN3X7Q6SP;
				ENABLE_NS_ASSERTIONS = NO;
				ENABLE_STRICT_OBJC_MSGSEND = YES;
				GCC_C_LANGUAGE_STANDARD = gnu11;
				GCC_NO_COMMON_BLOCKS = YES;
				GCC_WARN_64_TO_32_BIT_CONVERSION = YES;
				GCC_WARN_ABOUT_RETURN_TYPE = YES_ERROR;
				GCC_WARN_UNDECLARED_SELECTOR = YES;
				GCC_WARN_UNINITIALIZED_AUTOS = YES_AGGRESSIVE;
				GCC_WARN_UNUSED_FUNCTION = YES;
				GCC_WARN_UNUSED_VARIABLE = YES;
				IPHONEOS_DEPLOYMENT_TARGET = 17.0;
				MARKETING_VERSION = 2.0.0;
				MTL_ENABLE_DEBUG_INFO = NO;
				MTL_FAST_MATH = YES;
				PRODUCT_NAME = "$(TARGET_NAME)";
				SDKROOT = iphoneos;
				SWIFT_COMPILATION_MODE = wholemodule;
				SWIFT_OPTIMIZATION_LEVEL = "-O";
				SWIFT_VERSION = 5.9;
				TARGETED_DEVICE_FAMILY = "1,2";
			};
			name = Release;
		};
		55AC403AD804E6D6F9F4D9DC /* Release */ = {
			isa = XCBuildConfiguration;
			buildSettings = {
				BUNDLE_LOADER = "$(TEST_HOST)";
				LD_RUNPATH_SEARCH_PATHS = (
					"$(inherited)",
					"@executable_path/Frameworks",
					"@loader_path/Frameworks",
				);
				PRODUCT_BUNDLE_IDENTIFIER = com.bricky.uitests;
				SDKROOT = iphoneos;
				TARGETED_DEVICE_FAMILY = "1,2";
				TEST_TARGET_NAME = Bricky;
			};
			name = Release;
		};
		560B91E6F8F08FDF3FD32E87 /* Debug */ = {
			isa = XCBuildConfiguration;
			buildSettings = {
				BUNDLE_LOADER = "$(TEST_HOST)";
				LD_RUNPATH_SEARCH_PATHS = (
					"$(inherited)",
					"@executable_path/Frameworks",
					"@loader_path/Frameworks",
				);
				PRODUCT_BUNDLE_IDENTIFIER = com.bricky.tests;
				SDKROOT = iphoneos;
				TARGETED_DEVICE_FAMILY = "1,2";
				TEST_HOST = "$(BUILT_PRODUCTS_DIR)/Bricky.app/Bricky";
			};
			name = Debug;
		};
		7D15E96F9382FBE6ECFAE4E8 /* Debug */ = {
			isa = XCBuildConfiguration;
			buildSettings = {
				ALWAYS_SEARCH_USER_PATHS = NO;
				CLANG_ANALYZER_NONNULL = YES;
				CLANG_ANALYZER_NUMBER_OBJECT_CONVERSION = YES_AGGRESSIVE;
				CLANG_CXX_LANGUAGE_STANDARD = "gnu++14";
				CLANG_CXX_LIBRARY = "libc++";
				CLANG_ENABLE_MODULES = YES;
				CLANG_ENABLE_OBJC_ARC = YES;
				CLANG_ENABLE_OBJC_WEAK = YES;
				CLANG_WARN_BLOCK_CAPTURE_AUTORELEASING = YES;
				CLANG_WARN_BOOL_CONVERSION = YES;
				CLANG_WARN_COMMA = YES;
				CLANG_WARN_CONSTANT_CONVERSION = YES;
				CLANG_WARN_DEPRECATED_OBJC_IMPLEMENTATIONS = YES;
				CLANG_WARN_DIRECT_OBJC_ISA_USAGE = YES_ERROR;
				CLANG_WARN_DOCUMENTATION_COMMENTS = YES;
				CLANG_WARN_EMPTY_BODY = YES;
				CLANG_WARN_ENUM_CONVERSION = YES;
				CLANG_WARN_INFINITE_RECURSION = YES;
				CLANG_WARN_INT_CONVERSION = YES;
				CLANG_WARN_NON_LITERAL_NULL_CONVERSION = YES;
				CLANG_WARN_OBJC_IMPLICIT_RETAIN_SELF = YES;
				CLANG_WARN_OBJC_LITERAL_CONVERSION = YES;
				CLANG_WARN_OBJC_ROOT_CLASS = YES_ERROR;
				CLANG_WARN_QUOTED_INCLUDE_IN_FRAMEWORK_HEADER = YES;
				CLANG_WARN_RANGE_LOOP_ANALYSIS = YES;
				CLANG_WARN_STRICT_PROTOTYPES = YES;
				CLANG_WARN_SUSPICIOUS_MOVE = YES;
				CLANG_WARN_UNGUARDED_AVAILABILITY = YES_AGGRESSIVE;
				CLANG_WARN_UNREACHABLE_CODE = YES;
				CLANG_WARN__DUPLICATE_METHOD_MATCH = YES;
				COPY_PHASE_STRIP = NO;
				CURRENT_PROJECT_VERSION = 6;
				DEBUG_INFORMATION_FORMAT = dwarf;
				DEVELOPMENT_TEAM = 6UN3X7Q6SP;
				ENABLE_STRICT_OBJC_MSGSEND = YES;
				ENABLE_TESTABILITY = YES;
				GCC_C_LANGUAGE_STANDARD = gnu11;
				GCC_DYNAMIC_NO_PIC = NO;
				GCC_NO_COMMON_BLOCKS = YES;
				GCC_OPTIMIZATION_LEVEL = 0;
				GCC_PREPROCESSOR_DEFINITIONS = (
					"$(inherited)",
					"DEBUG=1",
				);
				GCC_WARN_64_TO_32_BIT_CONVERSION = YES;
				GCC_WARN_ABOUT_RETURN_TYPE = YES_ERROR;
				GCC_WARN_UNDECLARED_SELECTOR = YES;
				GCC_WARN_UNINITIALIZED_AUTOS = YES_AGGRESSIVE;
				GCC_WARN_UNUSED_FUNCTION = YES;
				GCC_WARN_UNUSED_VARIABLE = YES;
				IPHONEOS_DEPLOYMENT_TARGET = 17.0;
				MARKETING_VERSION = 2.0.0;
				MTL_ENABLE_DEBUG_INFO = INCLUDE_SOURCE;
				MTL_FAST_MATH = YES;
				ONLY_ACTIVE_ARCH = YES;
				PRODUCT_NAME = "$(TARGET_NAME)";
				SDKROOT = iphoneos;
				SWIFT_ACTIVE_COMPILATION_CONDITIONS = DEBUG;
				SWIFT_OPTIMIZATION_LEVEL = "-Onone";
				SWIFT_VERSION = 5.9;
				TARGETED_DEVICE_FAMILY = "1,2";
			};
			name = Debug;
		};
		F3CC6C4CF0611B38E79DFFEB /* Release */ = {
			isa = XCBuildConfiguration;
			buildSettings = {
				BUNDLE_LOADER = "$(TEST_HOST)";
				LD_RUNPATH_SEARCH_PATHS = (
					"$(inherited)",
					"@executable_path/Frameworks",
					"@loader_path/Frameworks",
				);
				PRODUCT_BUNDLE_IDENTIFIER = com.bricky.tests;
				SDKROOT = iphoneos;
				TARGETED_DEVICE_FAMILY = "1,2";
				TEST_HOST = "$(BUILT_PRODUCTS_DIR)/Bricky.app/Bricky";
			};
			name = Release;
		};
/* End XCBuildConfiguration section */

/* Begin XCConfigurationList section */
		270BFFEBF839DD1EB2A27E4C /* Build configuration list for PBXProject "Bricky the Brick Scanner" */ = {
			isa = XCConfigurationList;
			buildConfigurations = (
				7D15E96F9382FBE6ECFAE4E8 /* Debug */,
				480C818E16CF5D72A1F5DE15 /* Release */,
			);
			defaultConfigurationIsVisible = 0;
			defaultConfigurationName = Debug;
		};
		46B488A483B86698A4C6C588 /* Build configuration list for PBXNativeTarget "BrickyUITests" */ = {
			isa = XCConfigurationList;
			buildConfigurations = (
				28178B2DAB46DE4716BE8D44 /* Debug */,
				55AC403AD804E6D6F9F4D9DC /* Release */,
			);
			defaultConfigurationIsVisible = 0;
			defaultConfigurationName = Debug;
		};
		A6BCF650DEF5DB67553368AF /* Build configuration list for PBXNativeTarget "BrickyTests" */ = {
			isa = XCConfigurationList;
			buildConfigurations = (
				560B91E6F8F08FDF3FD32E87 /* Debug */,
				F3CC6C4CF0611B38E79DFFEB /* Release */,
			);
			defaultConfigurationIsVisible = 0;
			defaultConfigurationName = Debug;
		};
		D72EC47E705084094F19238B /* Build configuration list for PBXNativeTarget "Bricky" */ = {
			isa = XCConfigurationList;
			buildConfigurations = (
				073FF2F4B731BABA6300EF42 /* Debug */,
				3E2A8D313F2B65D90DE43158 /* Release */,
			);
			defaultConfigurationIsVisible = 0;
			defaultConfigurationName = Debug;
		};
/* End XCConfigurationList section */

/* Begin XCLocalSwiftPackageReference section */
		FF481A9401551F5904C37EF7 /* XCLocalSwiftPackageReference "Packages/RecoveryMLX" */ = {
			isa = XCLocalSwiftPackageReference;
			relativePath = Packages/RecoveryMLX;
		};
/* End XCLocalSwiftPackageReference section */

/* Begin XCRemoteSwiftPackageReference section */
		3C92D65161CA6D2BEEBABF2D /* XCRemoteSwiftPackageReference "ZIPFoundation" */ = {
			isa = XCRemoteSwiftPackageReference;
			repositoryURL = "https://github.com/weichsel/ZIPFoundation.git";
			requirement = {
				kind = exactVersion;
				version = 0.9.20;
			};
		};
/* End XCRemoteSwiftPackageReference section */

/* Begin XCSwiftPackageProductDependency section */
		131FA9216C20002D90F8F63D /* RecoveryMLX */ = {
			isa = XCSwiftPackageProductDependency;
			productName = RecoveryMLX;
		};
		9AFD1FD8C0E975A9F3202610 /* RecoveryMLX */ = {
			isa = XCSwiftPackageProductDependency;
			productName = RecoveryMLX;
		};
		E78ECCD396A43FB4FD11323B /* ZIPFoundation */ = {
			isa = XCSwiftPackageProductDependency;
			package = 3C92D65161CA6D2BEEBABF2D /* XCRemoteSwiftPackageReference "ZIPFoundation" */;
			productName = ZIPFoundation;
		};
/* End XCSwiftPackageProductDependency section */
	};
	rootObject = 985C3D0D7ADFD39AA22D5C72 /* Project object */;
}
